
Microsoft Visual Studio Solution File, Format Version 12.00
# Visual Studio 15
VisualStudioVersion = 15.0.28010.2016
MinimumVisualStudioVersion = 10.0.40219.1
Project("{8BC9CEB8-8B4A-11D0-8D11-00A0C91BC942}") = "Assignment_2", "Assignment_2\Assignment_2.vcxproj", "{D368E6AF-C6F5-4B7E-9648-C90433C2EDB4}"
EndProject
Project("{8BC9CEB8-8B4A-11D0-8D11-00A0C91BC942}") = "Assignment_1", "Assignment_1\Assignment_1.vcxproj", "{AEE4F91A-0CE1-4420-8DEC-3F795BDCB2EF}"
EndProject
Global
	GlobalSection(SolutionConfigurationPlatforms) = preSolution
		Debug|x64 = Debug|x64
		Debug|x86 = Debug|x86
		Release|x64 = Release|x64
		Release|x86 = Release|x86
	EndGlobalSection
	GlobalSection(ProjectConfigurationPlatforms) = postSolution
		{D368E6AF-C6F5-4B7E-9648-C90433C2EDB4}.Debug|x64.ActiveCfg = Debug|x64
		{D368E6AF-C6F5-4B7E-9648-C90433C2EDB4}.Debug|x64.Build.0 = Debug|x64
		{D368E6AF-C6F5-4B7E-9648-C90433C2EDB4}.Debug|x86.ActiveCfg = Debug|Win32
		{D368E6AF-C6F5-4B7E-9648-C90433C2EDB4}.Debug|x86.Build.0 = Debug|Win32
		{D368E6AF-C6F5-4B7E-9648-C90433C2EDB4}.Release|x64.ActiveCfg = Release|x64
		{D368E6AF-C6F5-4B7E-9648-C90433C2EDB4}.Release|x64.Build.0 = Release|x64
		{D368E6AF-C6F5-4B7E-9648-C90433C2EDB4}.Release|x86.ActiveCfg = Release|Win32
		{D368E6AF-C6F5-4B7E-9648-C90433C2EDB4}.Release|x86.Build.0 = Release|Win32
		{AEE4F91A-0CE1-4420-8DEC-3F795BDCB2EF}.Debug|x64.ActiveCfg = Debug|x64
		{AEE4F91A-0CE1-4420-8DEC-3F795BDCB2EF}.Debug|x64.Build.0 = Debug|x64
		{AEE4F91A-0CE1-4420-8DEC-3F795BDCB2EF}.Debug|x86.ActiveCfg = Debug|Win32
		{AEE4F91A-0CE1-4420-8DEC-3F795BDCB2EF}.Debug|x86.Build.0 = Debug|Win32
		{AEE4F91A-0CE1-4420-8DEC-3F795BDCB2EF}.Release|x64.ActiveCfg = Release|x64
		{AEE4F91A-0CE1-4420-8DEC-3F795BDCB2EF}.Release|x64.Build.0 = Release|x64
		{AEE4F91A-0CE1-4420-8DEC-3F795BDCB2EF}.Release|x86.ActiveCfg = Release|Win32
		{AEE4F91A-0CE1-4420-8DEC-3F795BDCB2EF}.Release|x86.Build.0 = Release|Win32
	EndGlobalSection
	GlobalSection(SolutionProperties) = preSolution
		HideSolutionNode = FALSE
	EndGlobalSection
	GlobalSection(ExtensibilityGlobals) = postSolution
		SolutionGuid = {4591104F-E19E-4BE6-B10C-7CD01D43ACA3}
	EndGlobalSection
EndGlobal
