
Microsoft Visual Studio Solution File, Format Version 12.00
# Visual Studio 15
VisualStudioVersion = 15.0.28307.421
MinimumVisualStudioVersion = 10.0.40219.1
Project("{8BC9CEB8-8B4A-11D0-8D11-00A0C91BC942}") = "190710", "c_class\c_class.vcxproj", "{A4DDB9B6-98CC-45FA-9AAB-AB5818AC8241}"
EndProject
Project("{8BC9CEB8-8B4A-11D0-8D11-00A0C91BC942}") = "190711", "190711\190711.vcxproj", "{2EFBE567-1D45-482D-AE33-1C43CF92EE0C}"
EndProject
Project("{8BC9CEB8-8B4A-11D0-8D11-00A0C91BC942}") = "over", "over\over.vcxproj", "{96271E15-BFBF-4715-8917-FDF79A22651A}"
EndProject
Project("{8BC9CEB8-8B4A-11D0-8D11-00A0C91BC942}") = "190712", "190712\190712.vcxproj", "{7AA0F29B-5716-4F38-BE61-49243E1D5D6E}"
EndProject
Project("{2150E333-8FDC-42A3-9474-1A3956D46DE8}") = "c_class", "c_class", "{0FED223F-0502-4BA9-86B3-4BE1FC496915}"
EndProject
Project("{8BC9CEB8-8B4A-11D0-8D11-00A0C91BC942}") = "pointer_swap", "pointer_swap\pointer_swap.vcxproj", "{2854F64E-817F-4A23-B676-8D950E9E69B9}"
EndProject
Global
	GlobalSection(SolutionConfigurationPlatforms) = preSolution
		Debug|x64 = Debug|x64
		Debug|x86 = Debug|x86
		Release|x64 = Release|x64
		Release|x86 = Release|x86
	EndGlobalSection
	GlobalSection(ProjectConfigurationPlatforms) = postSolution
		{A4DDB9B6-98CC-45FA-9AAB-AB5818AC8241}.Debug|x64.ActiveCfg = Debug|x64
		{A4DDB9B6-98CC-45FA-9AAB-AB5818AC8241}.Debug|x64.Build.0 = Debug|x64
		{A4DDB9B6-98CC-45FA-9AAB-AB5818AC8241}.Debug|x86.ActiveCfg = Debug|Win32
		{A4DDB9B6-98CC-45FA-9AAB-AB5818AC8241}.Debug|x86.Build.0 = Debug|Win32
		{A4DDB9B6-98CC-45FA-9AAB-AB5818AC8241}.Release|x64.ActiveCfg = Release|x64
		{A4DDB9B6-98CC-45FA-9AAB-AB5818AC8241}.Release|x64.Build.0 = Release|x64
		{A4DDB9B6-98CC-45FA-9AAB-AB5818AC8241}.Release|x86.ActiveCfg = Release|Win32
		{A4DDB9B6-98CC-45FA-9AAB-AB5818AC8241}.Release|x86.Build.0 = Release|Win32
		{2EFBE567-1D45-482D-AE33-1C43CF92EE0C}.Debug|x64.ActiveCfg = Debug|x64
		{2EFBE567-1D45-482D-AE33-1C43CF92EE0C}.Debug|x64.Build.0 = Debug|x64
		{2EFBE567-1D45-482D-AE33-1C43CF92EE0C}.Debug|x86.ActiveCfg = Debug|Win32
		{2EFBE567-1D45-482D-AE33-1C43CF92EE0C}.Debug|x86.Build.0 = Debug|Win32
		{2EFBE567-1D45-482D-AE33-1C43CF92EE0C}.Release|x64.ActiveCfg = Release|x64
		{2EFBE567-1D45-482D-AE33-1C43CF92EE0C}.Release|x64.Build.0 = Release|x64
		{2EFBE567-1D45-482D-AE33-1C43CF92EE0C}.Release|x86.ActiveCfg = Release|Win32
		{2EFBE567-1D45-482D-AE33-1C43CF92EE0C}.Release|x86.Build.0 = Release|Win32
		{96271E15-BFBF-4715-8917-FDF79A22651A}.Debug|x64.ActiveCfg = Debug|x64
		{96271E15-BFBF-4715-8917-FDF79A22651A}.Debug|x64.Build.0 = Debug|x64
		{96271E15-BFBF-4715-8917-FDF79A22651A}.Debug|x86.ActiveCfg = Debug|Win32
		{96271E15-BFBF-4715-8917-FDF79A22651A}.Debug|x86.Build.0 = Debug|Win32
		{96271E15-BFBF-4715-8917-FDF79A22651A}.Release|x64.ActiveCfg = Release|x64
		{96271E15-BFBF-4715-8917-FDF79A22651A}.Release|x64.Build.0 = Release|x64
		{96271E15-BFBF-4715-8917-FDF79A22651A}.Release|x86.ActiveCfg = Release|Win32
		{96271E15-BFBF-4715-8917-FDF79A22651A}.Release|x86.Build.0 = Release|Win32
		{7AA0F29B-5716-4F38-BE61-49243E1D5D6E}.Debug|x64.ActiveCfg = Debug|x64
		{7AA0F29B-5716-4F38-BE61-49243E1D5D6E}.Debug|x64.Build.0 = Debug|x64
		{7AA0F29B-5716-4F38-BE61-49243E1D5D6E}.Debug|x86.ActiveCfg = Debug|Win32
		{7AA0F29B-5716-4F38-BE61-49243E1D5D6E}.Debug|x86.Build.0 = Debug|Win32
		{7AA0F29B-5716-4F38-BE61-49243E1D5D6E}.Release|x64.ActiveCfg = Release|x64
		{7AA0F29B-5716-4F38-BE61-49243E1D5D6E}.Release|x64.Build.0 = Release|x64
		{7AA0F29B-5716-4F38-BE61-49243E1D5D6E}.Release|x86.ActiveCfg = Release|Win32
		{7AA0F29B-5716-4F38-BE61-49243E1D5D6E}.Release|x86.Build.0 = Release|Win32
		{2854F64E-817F-4A23-B676-8D950E9E69B9}.Debug|x64.ActiveCfg = Debug|x64
		{2854F64E-817F-4A23-B676-8D950E9E69B9}.Debug|x64.Build.0 = Debug|x64
		{2854F64E-817F-4A23-B676-8D950E9E69B9}.Debug|x86.ActiveCfg = Debug|Win32
		{2854F64E-817F-4A23-B676-8D950E9E69B9}.Debug|x86.Build.0 = Debug|Win32
		{2854F64E-817F-4A23-B676-8D950E9E69B9}.Release|x64.ActiveCfg = Release|x64
		{2854F64E-817F-4A23-B676-8D950E9E69B9}.Release|x64.Build.0 = Release|x64
		{2854F64E-817F-4A23-B676-8D950E9E69B9}.Release|x86.ActiveCfg = Release|Win32
		{2854F64E-817F-4A23-B676-8D950E9E69B9}.Release|x86.Build.0 = Release|Win32
	EndGlobalSection
	GlobalSection(SolutionProperties) = preSolution
		HideSolutionNode = FALSE
	EndGlobalSection
	GlobalSection(NestedProjects) = preSolution
		{A4DDB9B6-98CC-45FA-9AAB-AB5818AC8241} = {0FED223F-0502-4BA9-86B3-4BE1FC496915}
		{2EFBE567-1D45-482D-AE33-1C43CF92EE0C} = {0FED223F-0502-4BA9-86B3-4BE1FC496915}
		{96271E15-BFBF-4715-8917-FDF79A22651A} = {0FED223F-0502-4BA9-86B3-4BE1FC496915}
		{7AA0F29B-5716-4F38-BE61-49243E1D5D6E} = {0FED223F-0502-4BA9-86B3-4BE1FC496915}
		{2854F64E-817F-4A23-B676-8D950E9E69B9} = {0FED223F-0502-4BA9-86B3-4BE1FC496915}
	EndGlobalSection
	GlobalSection(ExtensibilityGlobals) = postSolution
		SolutionGuid = {AE81AAE7-DE17-4AD1-8989-DB2DDDC7BA1E}
	EndGlobalSection
EndGlobal
